
Microsoft Visual Studio Solution File, Format Version 12.00
# Visual Studio Version 17
VisualStudioVersion = 17.2.32616.157
MinimumVisualStudioVersion = 10.0.40219.1
Project("{FAE04EC0-301F-11D3-BF4B-00C04F79EFBC}") = "SuperHeroAPI", "WelcomeAPI\SuperHeroAPI.csproj", "{C6472E27-5195-4179-BE28-D3018EFD7BA1}"
EndProject
Global
	GlobalSection(SolutionConfigurationPlatforms) = preSolution
		Debug|Any CPU = Debug|Any CPU
		Release|Any CPU = Release|Any CPU
	EndGlobalSection
	GlobalSection(ProjectConfigurationPlatforms) = postSolution
		{C6472E27-5195-4179-BE28-D3018EFD7BA1}.Debug|Any CPU.ActiveCfg = Debug|Any CPU
		{C6472E27-5195-4179-BE28-D3018EFD7BA1}.Debug|Any CPU.Build.0 = Debug|Any CPU
		{C6472E27-5195-4179-BE28-D3018EFD7BA1}.Release|Any CPU.ActiveCfg = Release|Any CPU
		{C6472E27-5195-4179-BE28-D3018EFD7BA1}.Release|Any CPU.Build.0 = Release|Any CPU
	EndGlobalSection
	GlobalSection(SolutionProperties) = preSolution
		HideSolutionNode = FALSE
	EndGlobalSection
	GlobalSection(ExtensibilityGlobals) = postSolution
		SolutionGuid = {30B2EEB9-1ECB-4ACE-8DCF-42472A30F430}
	EndGlobalSection
EndGlobal
